
Microsoft Visual Studio Solution File, Format Version 12.00
# Visual Studio Version 16
VisualStudioVersion = 16.0.29806.167
MinimumVisualStudioVersion = 10.0.40219.1
Project("{8BC9CEB8-8B4A-11D0-8D11-00A0C91BC942}") = "dimacsVRP", "dimacsVRP\dimacsVRP.vcxproj", "{07D7D7E4-33B1-4FE3-B624-82063CFF5085}"
EndProject
Global
	GlobalSection(SolutionConfigurationPlatforms) = preSolution
		Debug|x64 = Debug|x64
		Debug|x86 = Debug|x86
		O0opt|x64 = O0opt|x64
		O0opt|x86 = O0opt|x86
		Release|x64 = Release|x64
		Release|x86 = Release|x86
	EndGlobalSection
	GlobalSection(ProjectConfigurationPlatforms) = postSolution
		{07D7D7E4-33B1-4FE3-B624-82063CFF5085}.Debug|x64.ActiveCfg = Debug|x64
		{07D7D7E4-33B1-4FE3-B624-82063CFF5085}.Debug|x64.Build.0 = Debug|x64
		{07D7D7E4-33B1-4FE3-B624-82063CFF5085}.Debug|x86.ActiveCfg = Debug|Win32
		{07D7D7E4-33B1-4FE3-B624-82063CFF5085}.Debug|x86.Build.0 = Debug|Win32
		{07D7D7E4-33B1-4FE3-B624-82063CFF5085}.O0opt|x64.ActiveCfg = O0opt|x64
		{07D7D7E4-33B1-4FE3-B624-82063CFF5085}.O0opt|x64.Build.0 = O0opt|x64
		{07D7D7E4-33B1-4FE3-B624-82063CFF5085}.O0opt|x86.ActiveCfg = O0opt|Win32
		{07D7D7E4-33B1-4FE3-B624-82063CFF5085}.O0opt|x86.Build.0 = O0opt|Win32
		{07D7D7E4-33B1-4FE3-B624-82063CFF5085}.Release|x64.ActiveCfg = Release|x64
		{07D7D7E4-33B1-4FE3-B624-82063CFF5085}.Release|x64.Build.0 = Release|x64
		{07D7D7E4-33B1-4FE3-B624-82063CFF5085}.Release|x86.ActiveCfg = Release|Win32
		{07D7D7E4-33B1-4FE3-B624-82063CFF5085}.Release|x86.Build.0 = Release|Win32
	EndGlobalSection
	GlobalSection(SolutionProperties) = preSolution
		HideSolutionNode = FALSE
	EndGlobalSection
	GlobalSection(ExtensibilityGlobals) = postSolution
		SolutionGuid = {B714869E-3728-474F-B658-044C9DAEE24F}
	EndGlobalSection
EndGlobal
