<?xml version="1.0" encoding="utf-8"?>
<Project ToolsVersion="4.0" xmlns="http://schemas.microsoft.com/developer/msbuild/2003">
  <ItemGroup>
    <Filter Include="Source">
      <UniqueIdentifier>{502769e0-ed5a-4687-ae40-834fcebde540}</UniqueIdentifier>
    </Filter>
    <Filter Include="Source\MCP">
      <UniqueIdentifier>{420a4a0d-eb25-4198-8d77-d06ff904245a}</UniqueIdentifier>
    </Filter>
  </ItemGroup>
  <ItemGroup>
    <ClCompile Include="..\..\Source\Algorithm_Parameters.cpp">
      <Filter>Source</Filter>
    </ClCompile>
    <ClCompile Include="..\..\Source\EAX.cpp">
      <Filter>Source</Filter>
    </ClCompile>
    <ClCompile Include="..\..\Source\Flag.cpp">
      <Filter>Source</Filter>
    </ClCompile>
    <ClCompile Include="..\..\Source\Goal.cpp">
      <Filter>Source</Filter>
    </ClCompile>
    <ClCompile Include="..\..\Source\Main.cpp">
      <Filter>Source</Filter>
    </ClCompile>
    <ClCompile Include="..\..\Source\Problem.cpp">
      <Filter>Source</Filter>
    </ClCompile>
    <ClCompile Include="..\..\Source\Solver.cpp">
      <Filter>Source</Filter>
    </ClCompile>
    <ClCompile Include="..\..\Source\YearTable.cpp">
      <Filter>Source</Filter>
    </ClCompile>
    <ClCompile Include="..\..\Source\MCP\CliqueSolver.cpp">
      <Filter>Source\MCP</Filter>
    </ClCompile>
    <ClCompile Include="..\..\Source\MCP\CliqueTsm.cpp">
      <Filter>Source\MCP</Filter>
    </ClCompile>
    <ClCompile Include="..\..\Source\Util_Logger.cpp">
      <Filter>Source</Filter>
    </ClCompile>
    <ClCompile Include="..\..\Source\Adapter.cpp">
      <Filter>Source</Filter>
    </ClCompile>
    <ClCompile Include="..\..\Source\LowerBoundOfRouteNum.cpp">
      <Filter>Source</Filter>
    </ClCompile>
  </ItemGroup>
  <ItemGroup>
    <ClInclude Include="..\..\Source\Algorithm_Parameters.h">
      <Filter>Source</Filter>
    </ClInclude>
    <ClInclude Include="..\..\Source\CommandLine.h">
      <Filter>Source</Filter>
    </ClInclude>
    <ClInclude Include="..\..\Source\EAX.h">
      <Filter>Source</Filter>
    </ClInclude>
    <ClInclude Include="..\..\Source\Flag.h">
      <Filter>Source</Filter>
    </ClInclude>
    <ClInclude Include="..\..\Source\Goal.h">
      <Filter>Source</Filter>
    </ClInclude>
    <ClInclude Include="..\..\Source\LowerBoundOfRouteNum.h">
      <Filter>Source</Filter>
    </ClInclude>
    <ClInclude Include="..\..\Source\Problem.h">
      <Filter>Source</Filter>
    </ClInclude>
    <ClInclude Include="..\..\Source\Solver.h">
      <Filter>Source</Filter>
    </ClInclude>
    <ClInclude Include="..\..\Source\Util_Arr2D.h">
      <Filter>Source</Filter>
    </ClInclude>
    <ClInclude Include="..\..\Source\Util_Common.h">
      <Filter>Source</Filter>
    </ClInclude>
    <ClInclude Include="..\..\Source\YearTable.h">
      <Filter>Source</Filter>
    </ClInclude>
    <ClInclude Include="..\..\Source\MCP\Arr.h">
      <Filter>Source\MCP</Filter>
    </ClInclude>
    <ClInclude Include="..\..\Source\MCP\CliqueSolver.h">
      <Filter>Source\MCP</Filter>
    </ClInclude>
    <ClInclude Include="..\..\Source\MCP\Graph.h">
      <Filter>Source\MCP</Filter>
    </ClInclude>
    <ClInclude Include="..\..\Source\Util_Logger.h">
      <Filter>Source</Filter>
    </ClInclude>
    <ClInclude Include="..\..\Source\Adapter.h">
      <Filter>Source</Filter>
    </ClInclude>
  </ItemGroup>
</Project>